{
  "name": "music-musician",
  "version": "1.0.0",
  "lockfileVersion": 2,
  "requires": true,
  "packages": {
    "": {
      "name": "music-musician",
      "version": "1.0.0",
      "license": "ISC",
      "dependencies": {
        "commander": "9.0.0-1",
        "uuid": "8.3.2"
      }
    },
    "node_modules/commander": {
      "version": "9.0.0-1",
      "resolved": "https://registry.npmjs.org/commander/-/commander-9.0.0-1.tgz",
      "integrity": "sha512-arL8xbMrDr6BfDbgS3RHICRBc7hKrLuMZVWyWswvpVYd8jLa4cv3AnEb/DnK8NenvTEJF5NgPa8/K9oiY94ezw==",
      "engines": {
        "node": "^12.20.0 || >=14"
      }
    },
    "node_modules/uuid": {
      "version": "8.3.2",
      "resolved": "https://registry.npmjs.org/uuid/-/uuid-8.3.2.tgz",
      "integrity": "sha512-+NYs2QeMWy+GWFOEm9xnn6HCDp0l7QBD7ml8zLUmJ+93Q5NF0NocErnwkTkXVFNiX3/fpC6afS8Dhb/gz7R7eg==",
      "bin": {
        "uuid": "dist/bin/uuid"
      }
    }
  },
  "dependencies": {
    "commander": {
      "version": "9.0.0-1",
      "resolved": "https://registry.npmjs.org/commander/-/commander-9.0.0-1.tgz",
      "integrity": "sha512-arL8xbMrDr6BfDbgS3RHICRBc7hKrLuMZVWyWswvpVYd8jLa4cv3AnEb/DnK8NenvTEJF5NgPa8/K9oiY94ezw=="
    },
    "uuid": {
      "version": "8.3.2",
      "resolved": "https://registry.npmjs.org/uuid/-/uuid-8.3.2.tgz",
      "integrity": "sha512-+NYs2QeMWy+GWFOEm9xnn6HCDp0l7QBD7ml8zLUmJ+93Q5NF0NocErnwkTkXVFNiX3/fpC6afS8Dhb/gz7R7eg=="
    }
  }
}
